
Microsoft Visual Studio Solution File, Format Version 12.00
# Visual Studio Version 17
VisualStudioVersion = 17.12.35527.113 d17.12
MinimumVisualStudioVersion = 10.0.40219.1
Project("{FAE04EC0-301F-11D3-BF4B-00C04F79EFBC}") = "RealTimeAttendanceTracker.Web", "RealTimeAttendanceTracker.Web\RealTimeAttendanceTracker.Web.csproj", "{7F1763E9-3523-4D69-BB5A-3588178F97E6}"
EndProject
Project("{FAE04EC0-301F-11D3-BF4B-00C04F79EFBC}") = "RealTimeAttendanceTracker.lib", "RealTimeAttendanceTracker.lib\RealTimeAttendanceTracker.lib.csproj", "{7D2E1340-4E71-42AF-82BA-ECDE14F48B51}"
EndProject
Global
	GlobalSection(SolutionConfigurationPlatforms) = preSolution
		Debug|Any CPU = Debug|Any CPU
		Release|Any CPU = Release|Any CPU
	EndGlobalSection
	GlobalSection(ProjectConfigurationPlatforms) = postSolution
		{7F1763E9-3523-4D69-BB5A-3588178F97E6}.Debug|Any CPU.ActiveCfg = Debug|Any CPU
		{7F1763E9-3523-4D69-BB5A-3588178F97E6}.Debug|Any CPU.Build.0 = Debug|Any CPU
		{7F1763E9-3523-4D69-BB5A-3588178F97E6}.Release|Any CPU.ActiveCfg = Release|Any CPU
		{7F1763E9-3523-4D69-BB5A-3588178F97E6}.Release|Any CPU.Build.0 = Release|Any CPU
		{7D2E1340-4E71-42AF-82BA-ECDE14F48B51}.Debug|Any CPU.ActiveCfg = Debug|Any CPU
		{7D2E1340-4E71-42AF-82BA-ECDE14F48B51}.Debug|Any CPU.Build.0 = Debug|Any CPU
		{7D2E1340-4E71-42AF-82BA-ECDE14F48B51}.Release|Any CPU.ActiveCfg = Release|Any CPU
		{7D2E1340-4E71-42AF-82BA-ECDE14F48B51}.Release|Any CPU.Build.0 = Release|Any CPU
	EndGlobalSection
	GlobalSection(SolutionProperties) = preSolution
		HideSolutionNode = FALSE
	EndGlobalSection
EndGlobal
